uuid: 1abd6c7f-991c-4cf7-a9e4-6865fd1d84b5
langcode: en
status: true
dependencies:
  content:
    - 'block_content:mt_video_gallery_block:d00886a1-d8d8-4f00-b4a7-b879078267c1'
  module:
    - block_content
    - system
  theme:
    - magazineplus
id: videogalleryblock
theme: magazineplus
region: content
weight: -24
provider: null
plugin: 'block_content:d00886a1-d8d8-4f00-b4a7-b879078267c1'
settings:
  id: 'block_content:d00886a1-d8d8-4f00-b4a7-b879078267c1'
  label: 'Video Gallery'
  provider: block_content
  label_display: visible
  status: true
  info: ''
  view_mode: full
visibility:
  request_path:
    id: request_path
    pages: '<front>'
    negate: false
    context_mapping: {  }
